
Microsoft Visual Studio Solution File, Format Version 12.00
# Visual Studio 15
VisualStudioVersion = 15.0.27703.2000
MinimumVisualStudioVersion = 10.0.40219.1
Project("{9A19103F-16F7-4668-BE54-9A1E7A4F7556}") = "ASPCoreAngular2Shopping", "ASPCoreAngular2Shopping\ASPCoreAngular2Shopping.csproj", "{B3898A1C-BC30-4109-9D83-9C78428E02E8}"
EndProject
Global
	GlobalSection(SolutionConfigurationPlatforms) = preSolution
		Debug|Any CPU = Debug|Any CPU
		Release|Any CPU = Release|Any CPU
	EndGlobalSection
	GlobalSection(ProjectConfigurationPlatforms) = postSolution
		{B3898A1C-BC30-4109-9D83-9C78428E02E8}.Debug|Any CPU.ActiveCfg = Debug|Any CPU
		{B3898A1C-BC30-4109-9D83-9C78428E02E8}.Debug|Any CPU.Build.0 = Debug|Any CPU
		{B3898A1C-BC30-4109-9D83-9C78428E02E8}.Release|Any CPU.ActiveCfg = Release|Any CPU
		{B3898A1C-BC30-4109-9D83-9C78428E02E8}.Release|Any CPU.Build.0 = Release|Any CPU
	EndGlobalSection
	GlobalSection(SolutionProperties) = preSolution
		HideSolutionNode = FALSE
	EndGlobalSection
	GlobalSection(ExtensibilityGlobals) = postSolution
		SolutionGuid = {C72D14B9-2719-446C-BC9F-364E87241302}
	EndGlobalSection
EndGlobal
